
Microsoft Visual Studio Solution File, Format Version 12.00
# Visual Studio Version 17
VisualStudioVersion = 17.14.37614.0
MinimumVisualStudioVersion = 10.0.40219.1
Project("{2150E333-8FDC-42A3-9474-1A3956D46DE8}") = "Task0", "Task0", "{02EA681E-C7D8-13C7-8484-4AC65E1B71E8}"
EndProject
Project("{FAE04EC0-301F-11D3-BF4B-00C04F79EFBC}") = "Tyuiu.SmirnovwYV.Sprint0.Task0.V0", "Tyuiu.SmirnovwYV.Sprint0.Task0.V0\Tyuiu.SmirnovwYV.Sprint0.Task0.V0.csproj", "{B4164EC4-C3CC-4C3E-8BBC-FAB91521A3F9}"
EndProject
Project("{2150E333-8FDC-42A3-9474-1A3956D46DE8}") = "Task1", "Task1", "{F6A33CC9-ED6B-4E05-A0B7-1889CF5142B3}"
EndProject
Project("{FAE04EC0-301F-11D3-BF4B-00C04F79EFBC}") = "Tyuiu.SmirnovaYV.Sprint0.Task1.V0", "Tyuiu.SmirnovaYV.Sprint0.Task1.V0\Tyuiu.SmirnovaYV.Sprint0.Task1.V0.csproj", "{06F1A2FD-6DA8-481C-A75D-F95A4086DB25}"
EndProject
Project("{2150E333-8FDC-42A3-9474-1A3956D46DE8}") = "Task2", "Task2", "{EB75B3E0-041F-4407-9372-A43A23C78382}"
EndProject
Project("{FAE04EC0-301F-11D3-BF4B-00C04F79EFBC}") = "Tyuiu.SmirnovaYV.Sprint0.Task2.V0", "Tyuiu.SmirnovaYV.Sprint0.Task2.V0\Tyuiu.SmirnovaYV.Sprint0.Task2.V0.csproj", "{3EA3B7C9-6B09-402A-B97F-84A2F7B81760}"
EndProject
Project("{FAE04EC0-301F-11D3-BF4B-00C04F79EFBC}") = "Tyuiu.SmirnovaYV.Sprint0.Task2.V0.lib", "Tyuiu.SmirnovaYV.Sprint0.Task2.V0.lib\Tyuiu.SmirnovaYV.Sprint0.Task2.V0.lib.csproj", "{0D2C926D-7A64-4911-894A-A0F7A86BB515}"
EndProject
Project("{FAE04EC0-301F-11D3-BF4B-00C04F79EFBC}") = "Tyuiu.SmirnovaYV.Sprint0.Task2.V0.Test", "Tyuiu.SmirnovaYV.Sprint0.Task2.V0.Test\Tyuiu.SmirnovaYV.Sprint0.Task2.V0.Test.csproj", "{B580D797-7F3A-4C6A-B95D-039961F3D082}"
EndProject
Project("{2150E333-8FDC-42A3-9474-1A3956D46DE8}") = "Task3", "Task3", "{F7E18F31-BC34-476F-93CE-96E403CDF030}"
EndProject
Project("{FAE04EC0-301F-11D3-BF4B-00C04F79EFBC}") = "Tyuiu.SmirnovaYV.Sprint0.Task3.V0", "Tyuiu.SmirnovaYV.Sprint0.Task3.V0\Tyuiu.SmirnovaYV.Sprint0.Task3.V0.csproj", "{39A86C91-031A-4D53-B31C-DF0F5F7B353F}"
EndProject
Project("{FAE04EC0-301F-11D3-BF4B-00C04F79EFBC}") = "Tyuiu.SmirnovaYV.Sprint0.Task3.V0.Lib", "Tyuiu.SmirnovaYV.Sprint0.Task3.V0.Lib\Tyuiu.SmirnovaYV.Sprint0.Task3.V0.Lib.csproj", "{D2BB463B-D197-4118-A727-F745FF8549B3}"
EndProject
Project("{FAE04EC0-301F-11D3-BF4B-00C04F79EFBC}") = "Tyuiu.SmirnovaYV.Sprint0.Task3.V0.Test", "Tyuiu.SmirnovaYV.Sprint0.Task3.V0.Test\Tyuiu.SmirnovaYV.Sprint0.Task3.V0.Test.csproj", "{6480EC58-6FC7-4179-8944-1AE33E9FE0DF}"
EndProject
Project("{2150E333-8FDC-42A3-9474-1A3956D46DE8}") = "Task4", "Task4", "{AEF928F0-7157-4808-B92F-6E1405F026A8}"
EndProject
Project("{FAE04EC0-301F-11D3-BF4B-00C04F79EFBC}") = "Tyuiu.SmirnovaYV.Sprint0.Task4.V0", "Tyuiu.SmirnovaYV.Sprint0.Task4.V0\Tyuiu.SmirnovaYV.Sprint0.Task4.V0.csproj", "{33E79E8E-8AD2-4C4B-981D-4D9E77065C11}"
EndProject
Project("{FAE04EC0-301F-11D3-BF4B-00C04F79EFBC}") = "Tyuiu.SmirnovaYV.Sprint0.Task4.V0.Lib", "Tyuiu.SmirnovaYV.Sprint0.Task4.V0.Lib\Tyuiu.SmirnovaYV.Sprint0.Task4.V0.Lib.csproj", "{9ABAE4BB-7728-4FF2-8E42-0BF43F5BDB00}"
EndProject
Project("{FAE04EC0-301F-11D3-BF4B-00C04F79EFBC}") = "Tyuiu.SmirnovaYV.Sprint0.Task4.V0.Test", "Tyuiu.SmirnovaYV.Sprint0.Task4.V0.Test\Tyuiu.SmirnovaYV.Sprint0.Task4.V0.Test.csproj", "{EBD74CDD-DDD3-4984-A3AF-C65758AE231B}"
EndProject
Project("{2150E333-8FDC-42A3-9474-1A3956D46DE8}") = "Task5", "Task5", "{8FDFDA7F-AC4C-45C3-8803-68D5AEF9EF7D}"
EndProject
Project("{FAE04EC0-301F-11D3-BF4B-00C04F79EFBC}") = "Tyuiu.SmirnovaYV.Sprint0.Task5.V0", "Tyuiu.SmirnovaYV.Sprint0.Task5.V0\Tyuiu.SmirnovaYV.Sprint0.Task5.V0.csproj", "{C7C71AEB-BFBC-4827-9E2F-38BB4C67D108}"
EndProject
Project("{FAE04EC0-301F-11D3-BF4B-00C04F79EFBC}") = "Tyuiu.SmirnovaYV.Sprint0.Task5.V0.Lib", "Tyuiu.SmirnovaYV.Sprint0.Task5.V0.Lib\Tyuiu.SmirnovaYV.Sprint0.Task5.V0.Lib.csproj", "{3DC88A9D-4B95-4089-8340-CC0E01484A67}"
EndProject
Project("{FAE04EC0-301F-11D3-BF4B-00C04F79EFBC}") = "Tyuiu.SmirnovaYV.Sprint0.Task5.V0.Test", "Tyuiu.SmirnovaYV.Sprint0.Task5.V0.Test\Tyuiu.SmirnovaYV.Sprint0.Task5.V0.Test.csproj", "{F1AA9642-BE77-4B63-8EB3-FC9863D0F292}"
EndProject
Project("{2150E333-8FDC-42A3-9474-1A3956D46DE8}") = "Task6", "Task6", "{1195C10B-D978-4A25-87E4-6EB7EB6B93A3}"
EndProject
Project("{FAE04EC0-301F-11D3-BF4B-00C04F79EFBC}") = "Tyuiu.SmirnovaYV.Sprint0.Task6.V0", "Tyuiu.SmirnovaYV.Sprint0.Task6.V0\Tyuiu.SmirnovaYV.Sprint0.Task6.V0.csproj", "{0D096D23-D172-4046-8D55-837889416E00}"
EndProject
Project("{FAE04EC0-301F-11D3-BF4B-00C04F79EFBC}") = "Tyuiu.SmirnovaYV.Sprint0.Task6.V0.Lib", "Tyuiu.SmirnovaYV.Sprint0.Task6.V0.Lib\Tyuiu.SmirnovaYV.Sprint0.Task6.V0.Lib.csproj", "{35E5D556-B56C-471D-9A9C-3980375A440B}"
EndProject
Project("{FAE04EC0-301F-11D3-BF4B-00C04F79EFBC}") = "Tyuiu.SmirnovaYV.Sprint0.Task6.V0.Test", "Tyuiu.SmirnovaYV.Sprint0.Task6.V0.Test\Tyuiu.SmirnovaYV.Sprint0.Task6.V0.Test.csproj", "{F709C4DB-B876-461B-9417-E037D8964FDC}"
EndProject
Project("{2150E333-8FDC-42A3-9474-1A3956D46DE8}") = "Task7", "Task7", "{7A262573-0AC7-48CA-991A-1448AF6B713F}"
EndProject
Project("{FAE04EC0-301F-11D3-BF4B-00C04F79EFBC}") = "Tyuiu.SmirnovaYV.Sprint0.Task7.V0", "Tyuiu.SmirnovaYV.Sprint0.Task7.V0\Tyuiu.SmirnovaYV.Sprint0.Task7.V0.csproj", "{8D60291C-02A9-4F46-BED5-E08B0E836A42}"
EndProject
Project("{FAE04EC0-301F-11D3-BF4B-00C04F79EFBC}") = "Tyuiu.SmirnovaYV.Sprint0.Task7.V0.Lib", "ClassLibrary1\Tyuiu.SmirnovaYV.Sprint0.Task7.V0.Lib.csproj", "{C6B3AAAD-A414-45E6-9B40-EAD86BB11D45}"
EndProject
Project("{FAE04EC0-301F-11D3-BF4B-00C04F79EFBC}") = "Tyuiu.SmirnovaYV.Sprint0.Task7.V0.Test", "Tyuiu.SmirnovaYV.Sprint0.Task7.V0.Test\Tyuiu.SmirnovaYV.Sprint0.Task7.V0.Test.csproj", "{924C9940-2E18-44AB-8395-89429A039EBA}"
EndProject
Global
	GlobalSection(SolutionConfigurationPlatforms) = preSolution
		Debug|Any CPU = Debug|Any CPU
		Release|Any CPU = Release|Any CPU
	EndGlobalSection
	GlobalSection(ProjectConfigurationPlatforms) = postSolution
		{B4164EC4-C3CC-4C3E-8BBC-FAB91521A3F9}.Debug|Any CPU.ActiveCfg = Debug|Any CPU
		{B4164EC4-C3CC-4C3E-8BBC-FAB91521A3F9}.Debug|Any CPU.Build.0 = Debug|Any CPU
		{B4164EC4-C3CC-4C3E-8BBC-FAB91521A3F9}.Release|Any CPU.ActiveCfg = Release|Any CPU
		{B4164EC4-C3CC-4C3E-8BBC-FAB91521A3F9}.Release|Any CPU.Build.0 = Release|Any CPU
		{06F1A2FD-6DA8-481C-A75D-F95A4086DB25}.Debug|Any CPU.ActiveCfg = Debug|Any CPU
		{06F1A2FD-6DA8-481C-A75D-F95A4086DB25}.Debug|Any CPU.Build.0 = Debug|Any CPU
		{06F1A2FD-6DA8-481C-A75D-F95A4086DB25}.Release|Any CPU.ActiveCfg = Release|Any CPU
		{06F1A2FD-6DA8-481C-A75D-F95A4086DB25}.Release|Any CPU.Build.0 = Release|Any CPU
		{3EA3B7C9-6B09-402A-B97F-84A2F7B81760}.Debug|Any CPU.ActiveCfg = Debug|Any CPU
		{3EA3B7C9-6B09-402A-B97F-84A2F7B81760}.Debug|Any CPU.Build.0 = Debug|Any CPU
		{3EA3B7C9-6B09-402A-B97F-84A2F7B81760}.Release|Any CPU.ActiveCfg = Release|Any CPU
		{3EA3B7C9-6B09-402A-B97F-84A2F7B81760}.Release|Any CPU.Build.0 = Release|Any CPU
		{0D2C926D-7A64-4911-894A-A0F7A86BB515}.Debug|Any CPU.ActiveCfg = Debug|Any CPU
		{0D2C926D-7A64-4911-894A-A0F7A86BB515}.Debug|Any CPU.Build.0 = Debug|Any CPU
		{0D2C926D-7A64-4911-894A-A0F7A86BB515}.Release|Any CPU.ActiveCfg = Release|Any CPU
		{0D2C926D-7A64-4911-894A-A0F7A86BB515}.Release|Any CPU.Build.0 = Release|Any CPU
		{B580D797-7F3A-4C6A-B95D-039961F3D082}.Debug|Any CPU.ActiveCfg = Debug|Any CPU
		{B580D797-7F3A-4C6A-B95D-039961F3D082}.Debug|Any CPU.Build.0 = Debug|Any CPU
		{B580D797-7F3A-4C6A-B95D-039961F3D082}.Release|Any CPU.ActiveCfg = Release|Any CPU
		{B580D797-7F3A-4C6A-B95D-039961F3D082}.Release|Any CPU.Build.0 = Release|Any CPU
		{39A86C91-031A-4D53-B31C-DF0F5F7B353F}.Debug|Any CPU.ActiveCfg = Debug|Any CPU
		{39A86C91-031A-4D53-B31C-DF0F5F7B353F}.Debug|Any CPU.Build.0 = Debug|Any CPU
		{39A86C91-031A-4D53-B31C-DF0F5F7B353F}.Release|Any CPU.ActiveCfg = Release|Any CPU
		{39A86C91-031A-4D53-B31C-DF0F5F7B353F}.Release|Any CPU.Build.0 = Release|Any CPU
		{D2BB463B-D197-4118-A727-F745FF8549B3}.Debug|Any CPU.ActiveCfg = Debug|Any CPU
		{D2BB463B-D197-4118-A727-F745FF8549B3}.Debug|Any CPU.Build.0 = Debug|Any CPU
		{D2BB463B-D197-4118-A727-F745FF8549B3}.Release|Any CPU.ActiveCfg = Release|Any CPU
		{D2BB463B-D197-4118-A727-F745FF8549B3}.Release|Any CPU.Build.0 = Release|Any CPU
		{6480EC58-6FC7-4179-8944-1AE33E9FE0DF}.Debug|Any CPU.ActiveCfg = Debug|Any CPU
		{6480EC58-6FC7-4179-8944-1AE33E9FE0DF}.Debug|Any CPU.Build.0 = Debug|Any CPU
		{6480EC58-6FC7-4179-8944-1AE33E9FE0DF}.Release|Any CPU.ActiveCfg = Release|Any CPU
		{6480EC58-6FC7-4179-8944-1AE33E9FE0DF}.Release|Any CPU.Build.0 = Release|Any CPU
		{33E79E8E-8AD2-4C4B-981D-4D9E77065C11}.Debug|Any CPU.ActiveCfg = Debug|Any CPU
		{33E79E8E-8AD2-4C4B-981D-4D9E77065C11}.Debug|Any CPU.Build.0 = Debug|Any CPU
		{33E79E8E-8AD2-4C4B-981D-4D9E77065C11}.Release|Any CPU.ActiveCfg = Release|Any CPU
		{33E79E8E-8AD2-4C4B-981D-4D9E77065C11}.Release|Any CPU.Build.0 = Release|Any CPU
		{9ABAE4BB-7728-4FF2-8E42-0BF43F5BDB00}.Debug|Any CPU.ActiveCfg = Debug|Any CPU
		{9ABAE4BB-7728-4FF2-8E42-0BF43F5BDB00}.Debug|Any CPU.Build.0 = Debug|Any CPU
		{9ABAE4BB-7728-4FF2-8E42-0BF43F5BDB00}.Release|Any CPU.ActiveCfg = Release|Any CPU
		{9ABAE4BB-7728-4FF2-8E42-0BF43F5BDB00}.Release|Any CPU.Build.0 = Release|Any CPU
		{EBD74CDD-DDD3-4984-A3AF-C65758AE231B}.Debug|Any CPU.ActiveCfg = Debug|Any CPU
		{EBD74CDD-DDD3-4984-A3AF-C65758AE231B}.Debug|Any CPU.Build.0 = Debug|Any CPU
		{EBD74CDD-DDD3-4984-A3AF-C65758AE231B}.Release|Any CPU.ActiveCfg = Release|Any CPU
		{EBD74CDD-DDD3-4984-A3AF-C65758AE231B}.Release|Any CPU.Build.0 = Release|Any CPU
		{C7C71AEB-BFBC-4827-9E2F-38BB4C67D108}.Debug|Any CPU.ActiveCfg = Debug|Any CPU
		{C7C71AEB-BFBC-4827-9E2F-38BB4C67D108}.Debug|Any CPU.Build.0 = Debug|Any CPU
		{C7C71AEB-BFBC-4827-9E2F-38BB4C67D108}.Release|Any CPU.ActiveCfg = Release|Any CPU
		{C7C71AEB-BFBC-4827-9E2F-38BB4C67D108}.Release|Any CPU.Build.0 = Release|Any CPU
		{3DC88A9D-4B95-4089-8340-CC0E01484A67}.Debug|Any CPU.ActiveCfg = Debug|Any CPU
		{3DC88A9D-4B95-4089-8340-CC0E01484A67}.Debug|Any CPU.Build.0 = Debug|Any CPU
		{3DC88A9D-4B95-4089-8340-CC0E01484A67}.Release|Any CPU.ActiveCfg = Release|Any CPU
		{3DC88A9D-4B95-4089-8340-CC0E01484A67}.Release|Any CPU.Build.0 = Release|Any CPU
		{F1AA9642-BE77-4B63-8EB3-FC9863D0F292}.Debug|Any CPU.ActiveCfg = Debug|Any CPU
		{F1AA9642-BE77-4B63-8EB3-FC9863D0F292}.Debug|Any CPU.Build.0 = Debug|Any CPU
		{F1AA9642-BE77-4B63-8EB3-FC9863D0F292}.Release|Any CPU.ActiveCfg = Release|Any CPU
		{F1AA9642-BE77-4B63-8EB3-FC9863D0F292}.Release|Any CPU.Build.0 = Release|Any CPU
		{0D096D23-D172-4046-8D55-837889416E00}.Debug|Any CPU.ActiveCfg = Debug|Any CPU
		{0D096D23-D172-4046-8D55-837889416E00}.Debug|Any CPU.Build.0 = Debug|Any CPU
		{0D096D23-D172-4046-8D55-837889416E00}.Release|Any CPU.ActiveCfg = Release|Any CPU
		{0D096D23-D172-4046-8D55-837889416E00}.Release|Any CPU.Build.0 = Release|Any CPU
		{35E5D556-B56C-471D-9A9C-3980375A440B}.Debug|Any CPU.ActiveCfg = Debug|Any CPU
		{35E5D556-B56C-471D-9A9C-3980375A440B}.Debug|Any CPU.Build.0 = Debug|Any CPU
		{35E5D556-B56C-471D-9A9C-3980375A440B}.Release|Any CPU.ActiveCfg = Release|Any CPU
		{35E5D556-B56C-471D-9A9C-3980375A440B}.Release|Any CPU.Build.0 = Release|Any CPU
		{F709C4DB-B876-461B-9417-E037D8964FDC}.Debug|Any CPU.ActiveCfg = Debug|Any CPU
		{F709C4DB-B876-461B-9417-E037D8964FDC}.Debug|Any CPU.Build.0 = Debug|Any CPU
		{F709C4DB-B876-461B-9417-E037D8964FDC}.Release|Any CPU.ActiveCfg = Release|Any CPU
		{F709C4DB-B876-461B-9417-E037D8964FDC}.Release|Any CPU.Build.0 = Release|Any CPU
		{8D60291C-02A9-4F46-BED5-E08B0E836A42}.Debug|Any CPU.ActiveCfg = Debug|Any CPU
		{8D60291C-02A9-4F46-BED5-E08B0E836A42}.Debug|Any CPU.Build.0 = Debug|Any CPU
		{8D60291C-02A9-4F46-BED5-E08B0E836A42}.Release|Any CPU.ActiveCfg = Release|Any CPU
		{8D60291C-02A9-4F46-BED5-E08B0E836A42}.Release|Any CPU.Build.0 = Release|Any CPU
		{C6B3AAAD-A414-45E6-9B40-EAD86BB11D45}.Debug|Any CPU.ActiveCfg = Debug|Any CPU
		{C6B3AAAD-A414-45E6-9B40-EAD86BB11D45}.Debug|Any CPU.Build.0 = Debug|Any CPU
		{C6B3AAAD-A414-45E6-9B40-EAD86BB11D45}.Release|Any CPU.ActiveCfg = Release|Any CPU
		{C6B3AAAD-A414-45E6-9B40-EAD86BB11D45}.Release|Any CPU.Build.0 = Release|Any CPU
		{924C9940-2E18-44AB-8395-89429A039EBA}.Debug|Any CPU.ActiveCfg = Debug|Any CPU
		{924C9940-2E18-44AB-8395-89429A039EBA}.Debug|Any CPU.Build.0 = Debug|Any CPU
		{924C9940-2E18-44AB-8395-89429A039EBA}.Release|Any CPU.ActiveCfg = Release|Any CPU
		{924C9940-2E18-44AB-8395-89429A039EBA}.Release|Any CPU.Build.0 = Release|Any CPU
	EndGlobalSection
	GlobalSection(SolutionProperties) = preSolution
		HideSolutionNode = FALSE
	EndGlobalSection
	GlobalSection(NestedProjects) = preSolution
		{B4164EC4-C3CC-4C3E-8BBC-FAB91521A3F9} = {02EA681E-C7D8-13C7-8484-4AC65E1B71E8}
		{06F1A2FD-6DA8-481C-A75D-F95A4086DB25} = {F6A33CC9-ED6B-4E05-A0B7-1889CF5142B3}
		{3EA3B7C9-6B09-402A-B97F-84A2F7B81760} = {EB75B3E0-041F-4407-9372-A43A23C78382}
		{0D2C926D-7A64-4911-894A-A0F7A86BB515} = {EB75B3E0-041F-4407-9372-A43A23C78382}
		{B580D797-7F3A-4C6A-B95D-039961F3D082} = {EB75B3E0-041F-4407-9372-A43A23C78382}
		{39A86C91-031A-4D53-B31C-DF0F5F7B353F} = {F7E18F31-BC34-476F-93CE-96E403CDF030}
		{D2BB463B-D197-4118-A727-F745FF8549B3} = {F7E18F31-BC34-476F-93CE-96E403CDF030}
		{6480EC58-6FC7-4179-8944-1AE33E9FE0DF} = {F7E18F31-BC34-476F-93CE-96E403CDF030}
		{33E79E8E-8AD2-4C4B-981D-4D9E77065C11} = {AEF928F0-7157-4808-B92F-6E1405F026A8}
		{9ABAE4BB-7728-4FF2-8E42-0BF43F5BDB00} = {AEF928F0-7157-4808-B92F-6E1405F026A8}
		{EBD74CDD-DDD3-4984-A3AF-C65758AE231B} = {AEF928F0-7157-4808-B92F-6E1405F026A8}
		{C7C71AEB-BFBC-4827-9E2F-38BB4C67D108} = {8FDFDA7F-AC4C-45C3-8803-68D5AEF9EF7D}
		{3DC88A9D-4B95-4089-8340-CC0E01484A67} = {8FDFDA7F-AC4C-45C3-8803-68D5AEF9EF7D}
		{F1AA9642-BE77-4B63-8EB3-FC9863D0F292} = {8FDFDA7F-AC4C-45C3-8803-68D5AEF9EF7D}
		{0D096D23-D172-4046-8D55-837889416E00} = {1195C10B-D978-4A25-87E4-6EB7EB6B93A3}
		{35E5D556-B56C-471D-9A9C-3980375A440B} = {1195C10B-D978-4A25-87E4-6EB7EB6B93A3}
		{F709C4DB-B876-461B-9417-E037D8964FDC} = {1195C10B-D978-4A25-87E4-6EB7EB6B93A3}
		{8D60291C-02A9-4F46-BED5-E08B0E836A42} = {7A262573-0AC7-48CA-991A-1448AF6B713F}
		{C6B3AAAD-A414-45E6-9B40-EAD86BB11D45} = {7A262573-0AC7-48CA-991A-1448AF6B713F}
		{924C9940-2E18-44AB-8395-89429A039EBA} = {7A262573-0AC7-48CA-991A-1448AF6B713F}
	EndGlobalSection
	GlobalSection(ExtensibilityGlobals) = postSolution
		SolutionGuid = {31CBF4F7-2C8F-4E6B-BA7D-21B872EDD8E4}
	EndGlobalSection
EndGlobal
