
Microsoft Visual Studio Solution File, Format Version 12.00
# Visual Studio Version 17
VisualStudioVersion = 17.14.37614.0
MinimumVisualStudioVersion = 10.0.40219.1
Project("{2150E333-8FDC-42A3-9474-1A3956D46DE8}") = "Task0", "Task0", "{02EA681E-C7D8-13C7-8484-4AC65E1B71E8}"
EndProject
Project("{FAE04EC0-301F-11D3-BF4B-00C04F79EFBC}") = "Tyuiu.SmirnovwYV.Sprint0.Task0.V0", "Tyuiu.SmirnovwYV.Sprint0.Task0.V0\Tyuiu.SmirnovwYV.Sprint0.Task0.V0.csproj", "{B4164EC4-C3CC-4C3E-8BBC-FAB91521A3F9}"
EndProject
Project("{2150E333-8FDC-42A3-9474-1A3956D46DE8}") = "Task1", "Task1", "{F6A33CC9-ED6B-4E05-A0B7-1889CF5142B3}"
EndProject
Project("{FAE04EC0-301F-11D3-BF4B-00C04F79EFBC}") = "Tyuiu.SmirnovaYV.Sprint0.Task1.V0", "Tyuiu.SmirnovaYV.Sprint0.Task1.V0\Tyuiu.SmirnovaYV.Sprint0.Task1.V0.csproj", "{06F1A2FD-6DA8-481C-A75D-F95A4086DB25}"
EndProject
Project("{2150E333-8FDC-42A3-9474-1A3956D46DE8}") = "Task2", "Task2", "{EB75B3E0-041F-4407-9372-A43A23C78382}"
EndProject
Project("{FAE04EC0-301F-11D3-BF4B-00C04F79EFBC}") = "Tyuiu.SmirnovaYV.Sprint0.Task2.V0", "Tyuiu.SmirnovaYV.Sprint0.Task2.V0\Tyuiu.SmirnovaYV.Sprint0.Task2.V0.csproj", "{3EA3B7C9-6B09-402A-B97F-84A2F7B81760}"
EndProject
Project("{FAE04EC0-301F-11D3-BF4B-00C04F79EFBC}") = "Tyuiu.SmirnovaYV.Sprint0.Task2.V0.lib", "Tyuiu.SmirnovaYV.Sprint0.Task2.V0.lib\Tyuiu.SmirnovaYV.Sprint0.Task2.V0.lib.csproj", "{0D2C926D-7A64-4911-894A-A0F7A86BB515}"
EndProject
Project("{FAE04EC0-301F-11D3-BF4B-00C04F79EFBC}") = "Tyuiu.SmirnovaYV.Sprint0.Task2.V0.Test", "Tyuiu.SmirnovaYV.Sprint0.Task2.V0.Test\Tyuiu.SmirnovaYV.Sprint0.Task2.V0.Test.csproj", "{B580D797-7F3A-4C6A-B95D-039961F3D082}"
EndProject
Project("{2150E333-8FDC-42A3-9474-1A3956D46DE8}") = "Task3", "Task3", "{F7E18F31-BC34-476F-93CE-96E403CDF030}"
EndProject
Project("{FAE04EC0-301F-11D3-BF4B-00C04F79EFBC}") = "Tyuiu.SmirnovaYV.Sprint0.Task3.V0", "Tyuiu.SmirnovaYV.Sprint0.Task3.V0\Tyuiu.SmirnovaYV.Sprint0.Task3.V0.csproj", "{39A86C91-031A-4D53-B31C-DF0F5F7B353F}"
EndProject
Project("{FAE04EC0-301F-11D3-BF4B-00C04F79EFBC}") = "Tyuiu.SmirnovaYV.Sprint0.Task3.V0.Lib", "Tyuiu.SmirnovaYV.Sprint0.Task3.V0.Lib\Tyuiu.SmirnovaYV.Sprint0.Task3.V0.Lib.csproj", "{D2BB463B-D197-4118-A727-F745FF8549B3}"
EndProject
Project("{FAE04EC0-301F-11D3-BF4B-00C04F79EFBC}") = "Tyuiu.SmirnovaYV.Sprint0.Task3.V0.Test", "Tyuiu.SmirnovaYV.Sprint0.Task3.V0.Test\Tyuiu.SmirnovaYV.Sprint0.Task3.V0.Test.csproj", "{6480EC58-6FC7-4179-8944-1AE33E9FE0DF}"
EndProject
Project("{2150E333-8FDC-42A3-9474-1A3956D46DE8}") = "Task4", "Task4", "{AEF928F0-7157-4808-B92F-6E1405F026A8}"
EndProject
Project("{FAE04EC0-301F-11D3-BF4B-00C04F79EFBC}") = "Tyuiu.SmirnovaYV.Sprint0.Task4.V0", "Tyuiu.SmirnovaYV.Sprint0.Task4.V0\Tyuiu.SmirnovaYV.Sprint0.Task4.V0.csproj", "{33E79E8E-8AD2-4C4B-981D-4D9E77065C11}"
EndProject
Project("{FAE04EC0-301F-11D3-BF4B-00C04F79EFBC}") = "Tyuiu.SmirnovaYV.Sprint0.Task4.V0.Lib", "Tyuiu.SmirnovaYV.Sprint0.Task4.V0.Lib\Tyuiu.SmirnovaYV.Sprint0.Task4.V0.Lib.csproj", "{9ABAE4BB-7728-4FF2-8E42-0BF43F5BDB00}"
EndProject
Project("{FAE04EC0-301F-11D3-BF4B-00C04F79EFBC}") = "Tyuiu.SmirnovaYV.Sprint0.Task4.V0.Test", "Tyuiu.SmirnovaYV.Sprint0.Task4.V0.Test\Tyuiu.SmirnovaYV.Sprint0.Task4.V0.Test.csproj", "{EBD74CDD-DDD3-4984-A3AF-C65758AE231B}"
EndProject
Global
	GlobalSection(SolutionConfigurationPlatforms) = preSolution
		Debug|Any CPU = Debug|Any CPU
		Release|Any CPU = Release|Any CPU
	EndGlobalSection
	GlobalSection(ProjectConfigurationPlatforms) = postSolution
		{B4164EC4-C3CC-4C3E-8BBC-FAB91521A3F9}.Debug|Any CPU.ActiveCfg = Debug|Any CPU
		{B4164EC4-C3CC-4C3E-8BBC-FAB91521A3F9}.Debug|Any CPU.Build.0 = Debug|Any CPU
		{B4164EC4-C3CC-4C3E-8BBC-FAB91521A3F9}.Release|Any CPU.ActiveCfg = Release|Any CPU
		{B4164EC4-C3CC-4C3E-8BBC-FAB91521A3F9}.Release|Any CPU.Build.0 = Release|Any CPU
		{06F1A2FD-6DA8-481C-A75D-F95A4086DB25}.Debug|Any CPU.ActiveCfg = Debug|Any CPU
		{06F1A2FD-6DA8-481C-A75D-F95A4086DB25}.Debug|Any CPU.Build.0 = Debug|Any CPU
		{06F1A2FD-6DA8-481C-A75D-F95A4086DB25}.Release|Any CPU.ActiveCfg = Release|Any CPU
		{06F1A2FD-6DA8-481C-A75D-F95A4086DB25}.Release|Any CPU.Build.0 = Release|Any CPU
		{3EA3B7C9-6B09-402A-B97F-84A2F7B81760}.Debug|Any CPU.ActiveCfg = Debug|Any CPU
		{3EA3B7C9-6B09-402A-B97F-84A2F7B81760}.Debug|Any CPU.Build.0 = Debug|Any CPU
		{3EA3B7C9-6B09-402A-B97F-84A2F7B81760}.Release|Any CPU.ActiveCfg = Release|Any CPU
		{3EA3B7C9-6B09-402A-B97F-84A2F7B81760}.Release|Any CPU.Build.0 = Release|Any CPU
		{0D2C926D-7A64-4911-894A-A0F7A86BB515}.Debug|Any CPU.ActiveCfg = Debug|Any CPU
		{0D2C926D-7A64-4911-894A-A0F7A86BB515}.Debug|Any CPU.Build.0 = Debug|Any CPU
		{0D2C926D-7A64-4911-894A-A0F7A86BB515}.Release|Any CPU.ActiveCfg = Release|Any CPU
		{0D2C926D-7A64-4911-894A-A0F7A86BB515}.Release|Any CPU.Build.0 = Release|Any CPU
		{B580D797-7F3A-4C6A-B95D-039961F3D082}.Debug|Any CPU.ActiveCfg = Debug|Any CPU
		{B580D797-7F3A-4C6A-B95D-039961F3D082}.Debug|Any CPU.Build.0 = Debug|Any CPU
		{B580D797-7F3A-4C6A-B95D-039961F3D082}.Release|Any CPU.ActiveCfg = Release|Any CPU
		{B580D797-7F3A-4C6A-B95D-039961F3D082}.Release|Any CPU.Build.0 = Release|Any CPU
		{39A86C91-031A-4D53-B31C-DF0F5F7B353F}.Debug|Any CPU.ActiveCfg = Debug|Any CPU
		{39A86C91-031A-4D53-B31C-DF0F5F7B353F}.Debug|Any CPU.Build.0 = Debug|Any CPU
		{39A86C91-031A-4D53-B31C-DF0F5F7B353F}.Release|Any CPU.ActiveCfg = Release|Any CPU
		{39A86C91-031A-4D53-B31C-DF0F5F7B353F}.Release|Any CPU.Build.0 = Release|Any CPU
		{D2BB463B-D197-4118-A727-F745FF8549B3}.Debug|Any CPU.ActiveCfg = Debug|Any CPU
		{D2BB463B-D197-4118-A727-F745FF8549B3}.Debug|Any CPU.Build.0 = Debug|Any CPU
		{D2BB463B-D197-4118-A727-F745FF8549B3}.Release|Any CPU.ActiveCfg = Release|Any CPU
		{D2BB463B-D197-4118-A727-F745FF8549B3}.Release|Any CPU.Build.0 = Release|Any CPU
		{6480EC58-6FC7-4179-8944-1AE33E9FE0DF}.Debug|Any CPU.ActiveCfg = Debug|Any CPU
		{6480EC58-6FC7-4179-8944-1AE33E9FE0DF}.Debug|Any CPU.Build.0 = Debug|Any CPU
		{6480EC58-6FC7-4179-8944-1AE33E9FE0DF}.Release|Any CPU.ActiveCfg = Release|Any CPU
		{6480EC58-6FC7-4179-8944-1AE33E9FE0DF}.Release|Any CPU.Build.0 = Release|Any CPU
		{33E79E8E-8AD2-4C4B-981D-4D9E77065C11}.Debug|Any CPU.ActiveCfg = Debug|Any CPU
		{33E79E8E-8AD2-4C4B-981D-4D9E77065C11}.Debug|Any CPU.Build.0 = Debug|Any CPU
		{33E79E8E-8AD2-4C4B-981D-4D9E77065C11}.Release|Any CPU.ActiveCfg = Release|Any CPU
		{33E79E8E-8AD2-4C4B-981D-4D9E77065C11}.Release|Any CPU.Build.0 = Release|Any CPU
		{9ABAE4BB-7728-4FF2-8E42-0BF43F5BDB00}.Debug|Any CPU.ActiveCfg = Debug|Any CPU
		{9ABAE4BB-7728-4FF2-8E42-0BF43F5BDB00}.Debug|Any CPU.Build.0 = Debug|Any CPU
		{9ABAE4BB-7728-4FF2-8E42-0BF43F5BDB00}.Release|Any CPU.ActiveCfg = Release|Any CPU
		{9ABAE4BB-7728-4FF2-8E42-0BF43F5BDB00}.Release|Any CPU.Build.0 = Release|Any CPU
		{EBD74CDD-DDD3-4984-A3AF-C65758AE231B}.Debug|Any CPU.ActiveCfg = Debug|Any CPU
		{EBD74CDD-DDD3-4984-A3AF-C65758AE231B}.Debug|Any CPU.Build.0 = Debug|Any CPU
		{EBD74CDD-DDD3-4984-A3AF-C65758AE231B}.Release|Any CPU.ActiveCfg = Release|Any CPU
		{EBD74CDD-DDD3-4984-A3AF-C65758AE231B}.Release|Any CPU.Build.0 = Release|Any CPU
	EndGlobalSection
	GlobalSection(SolutionProperties) = preSolution
		HideSolutionNode = FALSE
	EndGlobalSection
	GlobalSection(NestedProjects) = preSolution
		{B4164EC4-C3CC-4C3E-8BBC-FAB91521A3F9} = {02EA681E-C7D8-13C7-8484-4AC65E1B71E8}
		{06F1A2FD-6DA8-481C-A75D-F95A4086DB25} = {F6A33CC9-ED6B-4E05-A0B7-1889CF5142B3}
		{3EA3B7C9-6B09-402A-B97F-84A2F7B81760} = {EB75B3E0-041F-4407-9372-A43A23C78382}
		{0D2C926D-7A64-4911-894A-A0F7A86BB515} = {EB75B3E0-041F-4407-9372-A43A23C78382}
		{B580D797-7F3A-4C6A-B95D-039961F3D082} = {EB75B3E0-041F-4407-9372-A43A23C78382}
		{39A86C91-031A-4D53-B31C-DF0F5F7B353F} = {F7E18F31-BC34-476F-93CE-96E403CDF030}
		{D2BB463B-D197-4118-A727-F745FF8549B3} = {F7E18F31-BC34-476F-93CE-96E403CDF030}
		{6480EC58-6FC7-4179-8944-1AE33E9FE0DF} = {F7E18F31-BC34-476F-93CE-96E403CDF030}
		{33E79E8E-8AD2-4C4B-981D-4D9E77065C11} = {AEF928F0-7157-4808-B92F-6E1405F026A8}
		{9ABAE4BB-7728-4FF2-8E42-0BF43F5BDB00} = {AEF928F0-7157-4808-B92F-6E1405F026A8}
		{EBD74CDD-DDD3-4984-A3AF-C65758AE231B} = {AEF928F0-7157-4808-B92F-6E1405F026A8}
	EndGlobalSection
	GlobalSection(ExtensibilityGlobals) = postSolution
		SolutionGuid = {31CBF4F7-2C8F-4E6B-BA7D-21B872EDD8E4}
	EndGlobalSection
EndGlobal
